
Microsoft Visual Studio Solution File, Format Version 12.00
# Visual Studio Version 17
VisualStudioVersion = 17.10.35027.167
MinimumVisualStudioVersion = 10.0.40219.1
Project("{FAE04EC0-301F-11D3-BF4B-00C04F79EFBC}") = "AutoVehicleClear", "AutoVehicleClear\AutoVehicleClear.csproj", "{AD15B7D1-5C59-4F2C-A6B2-AD47205E5E1D}"
EndProject
Global
	GlobalSection(SolutionConfigurationPlatforms) = preSolution
		Debug|Any CPU = Debug|Any CPU
		Release|Any CPU = Release|Any CPU
	EndGlobalSection
	GlobalSection(ProjectConfigurationPlatforms) = postSolution
		{AD15B7D1-5C59-4F2C-A6B2-AD47205E5E1D}.Debug|Any CPU.ActiveCfg = Debug|Any CPU
		{AD15B7D1-5C59-4F2C-A6B2-AD47205E5E1D}.Debug|Any CPU.Build.0 = Debug|Any CPU
		{AD15B7D1-5C59-4F2C-A6B2-AD47205E5E1D}.Release|Any CPU.ActiveCfg = Release|Any CPU
		{AD15B7D1-5C59-4F2C-A6B2-AD47205E5E1D}.Release|Any CPU.Build.0 = Release|Any CPU
	EndGlobalSection
	GlobalSection(SolutionProperties) = preSolution
		HideSolutionNode = FALSE
	EndGlobalSection
	GlobalSection(ExtensibilityGlobals) = postSolution
		SolutionGuid = {4D45316F-A5CE-4E67-BEE0-3016327D2753}
	EndGlobalSection
EndGlobal
